
Microsoft Visual Studio Solution File, Format Version 12.00
# Visual Studio Version 17
VisualStudioVersion = 17.8.34330.188
MinimumVisualStudioVersion = 10.0.40219.1
Project("{FAE04EC0-301F-11D3-BF4B-00C04F79EFBC}") = "ProblemSolving", "ProblemSolving\ProblemSolving.csproj", "{901D1D84-0A9F-48DA-A2BE-D7BF914A1B81}"
EndProject
Global
	GlobalSection(SolutionConfigurationPlatforms) = preSolution
		Debug|Any CPU = Debug|Any CPU
		Release|Any CPU = Release|Any CPU
	EndGlobalSection
	GlobalSection(ProjectConfigurationPlatforms) = postSolution
		{901D1D84-0A9F-48DA-A2BE-D7BF914A1B81}.Debug|Any CPU.ActiveCfg = Debug|Any CPU
		{901D1D84-0A9F-48DA-A2BE-D7BF914A1B81}.Debug|Any CPU.Build.0 = Debug|Any CPU
		{901D1D84-0A9F-48DA-A2BE-D7BF914A1B81}.Release|Any CPU.ActiveCfg = Release|Any CPU
		{901D1D84-0A9F-48DA-A2BE-D7BF914A1B81}.Release|Any CPU.Build.0 = Release|Any CPU
	EndGlobalSection
	GlobalSection(SolutionProperties) = preSolution
		HideSolutionNode = FALSE
	EndGlobalSection
	GlobalSection(ExtensibilityGlobals) = postSolution
		SolutionGuid = {0AED641E-28AD-459A-83E8-10B25B6FA46C}
	EndGlobalSection
EndGlobal
